[[package]]
category = "main"
description = "Python package for providing Mozilla's CA Bundle."
name = "certifi"
optional = false
python-versions = "*"
version = "2018.11.29"

[[package]]
category = "main"
description = "Universal encoding detector for Python 2 and 3"
name = "chardet"
optional = false
python-versions = "*"
version = "3.0.4"

[[package]]
category = "main"
description = "Internationalized Domain Names in Applications (IDNA)"
name = "idna"
optional = false
python-versions = ">=2.7, !=3.0.*, !=3.1.*, !=3.2.*, !=3.3.*"
version = "2.8"

[[package]]
category = "main"
description = "An implementation of JSON Schema validation for Python"
name = "jsonschema"
optional = false
python-versions = "*"
version = "2.6.0"

[[package]]
category = "main"
description = "Cross-platform lib for process and system monitoring in Python."
name = "psutil"
optional = false
python-versions = ">=2.6, !=3.0.*, !=3.1.*, !=3.2.*, !=3.3.*"
version = "5.5.1"

[[package]]
category = "main"
description = "Python HTTP for Humans."
name = "requests"
optional = false
python-versions = ">=2.7, !=3.0.*, !=3.1.*, !=3.2.*, !=3.3.*"
version = "2.21.0"

[package.dependencies]
certifi = ">=2017.4.17"
chardet = ">=3.0.2,<3.1.0"
idna = ">=2.5,<2.9"
urllib3 = ">=1.21.1,<1.25"

[[package]]
category = "main"
description = "ruamel.yaml is a YAML parser/emitter that supports roundtrip preservation of comments, seq/map flow style, and map key order"
name = "ruamel.yaml"
optional = false
python-versions = "*"
version = "0.15.88"

[[package]]
category = "main"
description = "HTTP library with thread-safe connection pooling, file post, and more."
name = "urllib3"
optional = false
python-versions = ">=2.7, !=3.0.*, !=3.1.*, !=3.2.*, !=3.3.*, <4"
version = "1.24.1"

[metadata]
content-hash = "7dd0651cbd03aa141bdb4c7e22185e2de3a4759d3bb4462988531f8cab9f6a6a"
python-versions = "^3.4"

[metadata.hashes]
certifi = ["47f9c83ef4c0c621eaef743f133f09fa8a74a9b75f037e8624f83bd1b6626cb7", "993f830721089fef441cdfeb4b2c8c9df86f0c63239f06bd025a76a7daddb033"]
chardet = ["84ab92ed1c4d4f16916e05906b6b75a6c0fb5db821cc65e70cbd64a3e2a5eaae", "fc323ffcaeaed0e0a02bf4d117757b98aed530d9ed4531e3e15460124c106691"]
idna = ["c357b3f628cf53ae2c4c05627ecc484553142ca23264e593d327bcde5e9c3407", "ea8b7f6188e6fa117537c3df7da9fc686d485087abf6ac197f9c46432f7e4a3c"]
jsonschema = ["000e68abd33c972a5248544925a0cae7d1125f9bf6c58280d37546b946769a08", "6ff5f3180870836cae40f06fa10419f557208175f13ad7bc26caa77beb1f6e02"]
psutil = ["5ce6b5eb0267233459f4d3980c205828482f450999b8f5b684d9629fea98782a", "72cebfaa422b7978a1d3632b65ff734a34c6b34f4578b68a5c204d633756b810", "77c231b4dff8c1c329a4cd1c22b96c8976c597017ff5b09993cd148d6a94500c", "8846ab0be0cdccd6cc92ecd1246a16e2f2e49f53bd73e522c3a75ac291e1b51d", "a013b4250ccbddc9d22feca0f986a1afc71717ad026c0f2109bbffd007351191", "ad43b83119eeea6d5751023298cd331637e542cbd332196464799e25a5519f8f", "c177777c787d247d02dae6c855330f9ed3e1abf8ca1744c26dd5ff968949999a", "ec1ef313530a9457e48d25e3fdb1723dfa636008bf1b970027462d46f2555d59", "ef3e5e02b3c5d1df366abe7b4820400d5c427579668ad4465ff189d28ded5ebd"]
requests = ["502a824f31acdacb3a35b6690b5fbf0bc41d63a24a45c4004352b0242707598e", "7bf2a778576d825600030a110f3c0e3e8edc51dfaafe1c146e39a2027784957b"]
"ruamel.yaml" = ["0289a685479d059b94683cd6cb47ffb790c05c20a6c4da395361025d52493d0a", "0adf1d9b8e88dc6b151a3199b1dd7be0c8ee10d6c2ebd2a9e2a13224f4481cdf", "13657c26780bba5824764cddb0f2933217fd59cfcca0e2ee1b2f759e7e58ef8e", "3815f688de7316fcd3ba5ceda642e902044c5c1a8fb5e4dc245d99db3eb3121b", "4e61c0b96805d1e2ec53cb1698ca6086a47aa1e1d09857144eb60216e7894ce3", "4f0d57ead5414456cb899c3746a8d30f566c22bb90c97da76f76e79147cb2d61", "51916929902ff054e189d29bc418788a5dc3a4e89a89065beed694f537383ca3", "5b7ea0ee24680157666f730f3a8c173f386c66e8c103458af20d97276e7e54d3", "6b1b1ee0a028b9cdc1bc3ec1f75480fc0d3fbcc9e0212a716b129b6f26e34587", "6db27f789c7efdbc59b8650c37a09dde0db019560bc19a07c905b65158a18bba", "7a8c8f825fd52f3586d583f621cdf3a03b9dc8833933ae401554b246b48026d5", "7ab0c27094ef27a21e0094dc671c456bd4a62811c14e27407ae8bc3aa8cc8111", "8e06bcf212b45dffe6c2415693c32b4c7d4ff55c03268a3033217f7a673d07ba", "9826e3c85549b3fc87786466a7a96dcadec59802a9ed077b905349ef1cac7b14", "ac56193c47a31c9efa151064a9e921865cdad0f7a991d229e7197e12fe8e0cd7", "aef88ec2927b0454709026a761918c02b69e5df9c061b49634d7993c0848580d", "d8591fdfd076d8121a456aaff0bbea6d5753023896f4559b710d4e56d1ac6418", "e033423fd6b4ddfd47f0f5ebe81e896129d85fd5219c5e66effb4de06a1fea7a", "e05017af8c1164fee33aa2677df7eaeb6d2fa76e22baf7960f9e8f1b04657151", "e4cd2ccd4d455206826a7c59fda13a9008ae994de66a7b0df2c0bb81121fab01", "e4f525efdecc075e6b0d96df0ae4bd2ad17c7280ebe66035f468c5c3da53fe0d", "fd5f09c399cdc92586b54ee28f68f23f1d5649177d7ceb22ec975b5e69e1b722"]
urllib3 = ["61bf29cada3fc2fbefad4fdf059ea4bd1b4a86d2b6d15e1c7c0b582b9752fe39", "de9529817c93f27c8ccbfead6985011db27bd0ddfcdb2d86f3f663385c6a9c22"]
