[[package]]
category = "main"
description = "Python package for providing Mozilla's CA Bundle."
name = "certifi"
optional = false
python-versions = "*"
version = "2018.11.29"

[[package]]
category = "main"
description = "Universal encoding detector for Python 2 and 3"
name = "chardet"
optional = false
python-versions = "*"
version = "3.0.4"

[[package]]
category = "main"
description = "Internationalized Domain Names in Applications (IDNA)"
name = "idna"
optional = false
python-versions = ">=2.7, !=3.0.*, !=3.1.*, !=3.2.*, !=3.3.*"
version = "2.8"

[[package]]
category = "main"
description = "An implementation of JSON Schema validation for Python"
name = "jsonschema"
optional = false
python-versions = "*"
version = "2.6.0"

[[package]]
category = "main"
description = "Cross-platform lib for process and system monitoring in Python."
name = "psutil"
optional = false
python-versions = ">=2.6, !=3.0.*, !=3.1.*, !=3.2.*, !=3.3.*"
version = "5.4.8"

[[package]]
category = "main"
description = "Python HTTP for Humans."
name = "requests"
optional = false
python-versions = ">=2.7, !=3.0.*, !=3.1.*, !=3.2.*, !=3.3.*"
version = "2.21.0"

[package.dependencies]
certifi = ">=2017.4.17"
chardet = ">=3.0.2,<3.1.0"
idna = ">=2.5,<2.9"
urllib3 = ">=1.21.1,<1.25"

[[package]]
category = "main"
description = "ruamel.yaml is a YAML parser/emitter that supports roundtrip preservation of comments, seq/map flow style, and map key order"
name = "ruamel.yaml"
optional = false
python-versions = "*"
version = "0.15.85"

[[package]]
category = "main"
description = "HTTP library with thread-safe connection pooling, file post, and more."
name = "urllib3"
optional = false
python-versions = ">=2.7, !=3.0.*, !=3.1.*, !=3.2.*, !=3.3.*, <4"
version = "1.24.1"

[metadata]
content-hash = "7dd0651cbd03aa141bdb4c7e22185e2de3a4759d3bb4462988531f8cab9f6a6a"
python-versions = "^3.4"

[metadata.hashes]
certifi = ["47f9c83ef4c0c621eaef743f133f09fa8a74a9b75f037e8624f83bd1b6626cb7", "993f830721089fef441cdfeb4b2c8c9df86f0c63239f06bd025a76a7daddb033"]
chardet = ["84ab92ed1c4d4f16916e05906b6b75a6c0fb5db821cc65e70cbd64a3e2a5eaae", "fc323ffcaeaed0e0a02bf4d117757b98aed530d9ed4531e3e15460124c106691"]
idna = ["c357b3f628cf53ae2c4c05627ecc484553142ca23264e593d327bcde5e9c3407", "ea8b7f6188e6fa117537c3df7da9fc686d485087abf6ac197f9c46432f7e4a3c"]
jsonschema = ["000e68abd33c972a5248544925a0cae7d1125f9bf6c58280d37546b946769a08", "6ff5f3180870836cae40f06fa10419f557208175f13ad7bc26caa77beb1f6e02"]
psutil = ["1c19957883e0b93d081d41687089ad630e370e26dc49fd9df6951d6c891c4736", "1c71b9716790e202a00ab0931a6d1e25db1aa1198bcacaea2f5329f75d257fff", "3b7a4daf4223dae171a67a89314ac5ca0738e94064a78d99cfd751c55d05f315", "3e19be3441134445347af3767fa7770137d472a484070840eee6653b94ac5576", "6e265c8f3da00b015d24b842bfeb111f856b13d24f2c57036582568dc650d6c3", "809c9cef0402e3e48b5a1dddc390a8a6ff58b15362ea5714494073fa46c3d293", "b4d1b735bf5b120813f4c89db8ac22d89162c558cbd7fdd298866125fe906219", "bbffac64cfd01c6bcf90eb1bedc6c80501c4dae8aef4ad6d6dd49f8f05f6fc5a", "bfcea4f189177b2d2ce4a34b03c4ac32c5b4c22e21f5b093d9d315e6e253cd81"]
requests = ["502a824f31acdacb3a35b6690b5fbf0bc41d63a24a45c4004352b0242707598e", "7bf2a778576d825600030a110f3c0e3e8edc51dfaafe1c146e39a2027784957b"]
"ruamel.yaml" = ["00994afdd5d08c04e128b84233f8b4ded1f55e1781117aaafb655891183c71c6", "068e0772d871801393dfb6aa76adece28f0faa25c83ee98e9f6651bfc59d0792", "0a85836bd6b8ed6b6a73605231402385a7409d54a7d9b8ea14174a502c605f77", "1d557adba7d0776d0dba85bd249715e425651fcea4cc58709260296eb8cfc7c3", "1eb78b47ac656720ebf4d35a8de6bb71c45881842cc0a246aef4d420fa1cf5dd", "20426a1ed5f11840b9e5737b2e341a8a8a07d14f0abb1eb643c0de7e04858848", "24a13355dac9d1869547b96b220491cf5bc7448744b393ed122a7471ff8c03be", "308fa84f6fa107e8cfa7685f8debeb891c75b2597ede5127bd304389e07fdb93", "31d9e274986d18e32105434bbb8446ca902a641134ddc7225517e0c7dd9f4b5e", "3367d2575a0a37e180e0ed8add871f31c81de5e4922cbf08039e567582d01f7f", "34af6e2f9787acd3937b55c0279f46adff43124c5d72dced84aab6c89d1a960f", "54ed8554a8873268dffd8dd49676bc1bd719ab30f7675b7f73d7a45e982d14f3", "67f22ec171bfed47cdbffa0fcca245af1afc4851fe2d4891452e8e0f2544dbbf", "71e3b19b17c8eb09a6304082cff9ea44d310a705264f049eb9d90e2772eae15c", "7990c8543ecce9894eef958fa8b02bfb1a14777056b6654876a3dc26df5535b4", "8fe90c66aa5bcf32702b8d8fb87d5739f2badddd8d027b062791b4fc04d8f516", "9eb2bd790eecb42917a08a18f9ec4641f84ea99a443056b97eb79380b40a3f6e", "d3d3371feede753d69962e318266946ee605a3ed99d4d7c1d80a6ffcf757263b", "e9781102c2e31fdeb512d251f6c882ca96ac5a3be370b6963e471f4c8de989e9", "eb5573a415c900756bc81129ca2a9d15fa1a7daa9b36d7b8aa280c9f98aa79c3", "fd44a7ddfe4a6d8a46e31766895865cdbe55b4ff7915dd449fb517fe60f64b8b", "fe29b68d49a440534340c48352960d5052d73f15433430e93ce11498f4c38c86"]
urllib3 = ["61bf29cada3fc2fbefad4fdf059ea4bd1b4a86d2b6d15e1c7c0b582b9752fe39", "de9529817c93f27c8ccbfead6985011db27bd0ddfcdb2d86f3f663385c6a9c22"]
