[[package]]
name = "certifi"
version = "2018.8.24"
description = "Python package for providing Mozilla's CA Bundle."
category = "main"
optional = false
python-versions = "*"
platform = "*"

[[package]]
name = "chardet"
version = "3.0.4"
description = "Universal encoding detector for Python 2 and 3"
category = "main"
optional = false
python-versions = "*"
platform = "*"

[[package]]
name = "click"
version = "6.7"
description = "A simple wrapper around optparse for powerful command line utilities."
category = "main"
optional = false
python-versions = "*"
platform = "*"

[[package]]
name = "flask"
version = "1.0.2"
description = "A simple framework for building complex web applications."
category = "main"
optional = false
python-versions = "*"
platform = "any"

[package.dependencies]
click = ">=5.1"
itsdangerous = ">=0.24"
Jinja2 = ">=2.10"
Werkzeug = ">=0.14"
[[package]]
name = "idna"
version = "2.7"
description = "Internationalized Domain Names in Applications (IDNA)"
category = "main"
optional = false
python-versions = "*"
platform = "*"

[[package]]
name = "itsdangerous"
version = "0.24"
description = "Various helpers to pass trusted data to untrusted environments and back."
category = "main"
optional = false
python-versions = "*"
platform = "UNKNOWN"

[[package]]
name = "jinja2"
version = "2.10"
description = "A small but fast and easy to use stand-alone template engine written in pure python."
category = "main"
optional = false
python-versions = "*"
platform = "*"

[package.dependencies]
MarkupSafe = ">=0.23"
[[package]]
name = "jsonschema"
version = "2.6.0"
description = "An implementation of JSON Schema validation for Python"
category = "main"
optional = false
python-versions = "*"
platform = "*"

[[package]]
name = "markupsafe"
version = "1.0"
description = "Implements a XML/HTML/XHTML Markup safe string for Python"
category = "main"
optional = false
python-versions = "*"
platform = "UNKNOWN"

[[package]]
name = "psutil"
version = "5.4.7"
description = "Cross-platform lib for process and system monitoring in Python."
category = "main"
optional = false
python-versions = ">=2.6, !=3.0.*, !=3.1.*, !=3.2.*, !=3.3.*"
platform = "Platform Independent"

[[package]]
name = "requests"
version = "2.19.1"
description = "Python HTTP for Humans."
category = "main"
optional = false
python-versions = ">=2.6, !=3.0.*, !=3.1.*, !=3.2.*, !=3.3.*"
platform = "*"

[package.dependencies]
certifi = ">=2017.4.17"
urllib3 = ">=1.21.1,<1.24"
idna = ">=2.5,<2.8"
chardet = ">=3.0.2,<3.1.0"
[[package]]
name = "ruamel.yaml"
version = "0.15.64"
description = "ruamel.yaml is a YAML parser/emitter that supports roundtrip preservation of comments, seq/map flow style, and map key order"
category = "main"
optional = false
python-versions = "*"
platform = "*"

[[package]]
name = "urllib3"
version = "1.23"
description = "HTTP library with thread-safe connection pooling, file post, and more."
category = "main"
optional = false
python-versions = ">=2.6, !=3.0.*, !=3.1.*, !=3.2.*, !=3.3.*, <4"
platform = "*"

[[package]]
name = "werkzeug"
version = "0.14.1"
description = "The comprehensive WSGI web application library."
category = "main"
optional = false
python-versions = "*"
platform = "any"

[metadata]
python-versions = "^3.4"
platform = "*"
content-hash = "ce568dbfed9753b6f4c543284da738cdcbcabc077282695ab7d9166e0e974b2a"

[metadata.hashes]
certifi = [ "456048c7e371c089d0a77a5212fb37a2c2dce1e24146e3b7e0261736aaeaa22a", "376690d6f16d32f9d1fe8932551d80b23e9d393a8578c5633a2ed39a64861638",]
chardet = [ "fc323ffcaeaed0e0a02bf4d117757b98aed530d9ed4531e3e15460124c106691", "84ab92ed1c4d4f16916e05906b6b75a6c0fb5db821cc65e70cbd64a3e2a5eaae",]
click = [ "29f99fc6125fbc931b758dc053b3114e55c77a6e4c6c3a2674a2dc986016381d", "f15516df478d5a56180fbf80e68f206010e6d160fc39fa508b65e035fd75130b",]
flask = [ "a080b744b7e345ccfcbc77954861cb05b3c63786e93f2b3875e0913d44b43f05", "2271c0070dbcb5275fad4a82e29f23ab92682dc45f9dfbc22c02ba9b9322ce48",]
idna = [ "156a6814fb5ac1fc6850fb002e0852d56c0c8d2531923a51032d1b70760e186e", "684a38a6f903c1d71d6d5fac066b58d7768af4de2b832e426ec79c30daa94a16",]
itsdangerous = [ "cbb3fcf8d3e33df861709ecaf89d9e6629cff0a217bc2848f1b41cd30d360519",]
jinja2 = [ "74c935a1b8bb9a3947c50a54766a969d4846290e1e788ea44c1392163723c3bd", "f84be1bb0040caca4cea721fcbbbbd61f9be9464ca236387158b0feea01914a4",]
jsonschema = [ "000e68abd33c972a5248544925a0cae7d1125f9bf6c58280d37546b946769a08", "6ff5f3180870836cae40f06fa10419f557208175f13ad7bc26caa77beb1f6e02",]
markupsafe = [ "a6be69091dac236ea9c6bc7d012beab42010fa914c459791d627dad4910eb665",]
psutil = [ "b34611280a2d0697f1c499e15e936d88109170194b390599c98bab8072a71f05", "a890c3e490493f21da2817ffc92822693bc0d6bcac9999caa04ffce8dd4e7132", "1914bacbd2fc2af8f795daa44b9d2e0649a147460cfd21b1a70a124472f66d40", "d081707ef0081920533db30200a2d30d5c0ea9cf6afa7cf8881ae4516cc69c48", "0d8da7333549a998556c18eb2af3ce902c28d66ceb947505c008f91e9f988abd", "cea2557ee6a9faa2c100947637ded68414e12b851633c4ce26e0311b2a2ed539", "215d61a901e67b1a35e14c6aedef317f7fa7e6075a20c150fd11bd2c906d2c83", "51057c03aea251ad6667c2bba259bc7ed3210222d3a74152c84e3ab06e1da0ba", "5b6322b167a5ba0c5463b4d30dfd379cd4ce245a1162ebf8fc7ab5c5ffae4f3b",]
requests = [ "63b52e3c866428a224f97cab011de738c36aec0185aa91cfacd418b5d58911d1", "ec22d826a36ed72a7358ff3fe56cbd4ba69dd7a6718ffd450ff0e9df7a47ce6a",]
"ruamel.yaml" = [ "3a2ae6ac6f1cd7e26dd1c7a5249080ff269a903e43c237e575239bc42c85d65c", "aef5a5816680f4c77f872f7f805bbbafc813e9c9cb3405cc9b7507c1680fe7d3", "fae2d856c8542a5b5684f1c8f36c538a965068dda39d25a3a82373f05fcf2983", "6719c43f0fb41436759823a7c01258152d18e5f8368e89cd5b1eda5e03734403", "7a42648c994e99a0b59237f1c10eafeb08475db09ecabf92cd1176693782cd23", "37dc87cd78bb6160606dfbd2b015015cf1441872133950ecb4a837a90d694670", "36f26a9788f005b70e5f8dd4b42588032f3290884955a19ea21339dd7a2a91bd", "8bd4c97e44514f1d977576799fdd8e8f2b2654a4cd52c0d91c8b7e1c6bcea9ed", "f1c55e2422ff879dbc6751fbd05a38455a7f870351afff29bcc38df336c3b86c", "42765a674a5ab4dd7bd6de837c93f2911f6114bb040a07a71379b1577b3b2e36", "fa77530ae18c8e4f1b6596eb77a1cdcbac16f400ef6b48ada0c803533deb5c60", "cdce01701ad52a3771393db7feac7d41caa083ba683bd3f16f6647347cab2387", "aec20e594f604f13e6bd44fff42bfa865ff04b22e93722fc4f744a97bb0bc9cf", "aa0ca65adf6dfb511e1de9adb04d64a65b7bf2cc007cd942caaa9a004b43dfeb", "ebbb6527bf12df4835cf7ab001736ba7af657cbf8814354e36e0b8267fb433ca", "66692fc9608c3d7002d5502dea45d3c81fb6158781f65de4d984af41a2e800c8", "6cc5d81f3dac5bf0d387df68dd973bee80ded42f1f83474e59e948450646a805", "f9e07c9ba68a94e8b075e1ecf004c211db864246fc65ddf66976b38e82a5242b", "7d276cfbbf2a373d6cd02263509b1435ecb7725143a7d3e0bf627f9f3de39bc7", "b7fbb5574c8e87e5acc4cb201ca84a1cfb8b967543dd7861fb20743977ea0701", "f6c372edc30b25b884b4bd7556c4eb5b426516e44bf5856601ec5642ffa36905", "57f7578af7a71a562d64f78c4a72589d55d471650c19f0fc54e0d2e6c7e5f1f5",]
urllib3 = [ "b5725a0bd4ba422ab0e66e89e030c806576753ea3ee08554382c14e685d117b5", "a68ac5e15e76e7e5dd2b8f94007233e01effe3e50e8daddf69acfd81cb686baf",]
werkzeug = [ "d5da73735293558eb1651ee2fddc4d0dedcfa06538b8813a2e20011583c9e49b", "c3fd7a7d41976d9f44db327260e263132466836cef6f91512889ed60ad26557c",]
